# THIS IS AN AUTOGENERATED FILE. DO NOT EDIT THIS FILE DIRECTLY.
# yarn lockfile v1


abbrev@1:
  version "1.1.1"
  resolved "https://registry.yarnpkg.com/abbrev/-/abbrev-1.1.1.tgz#f8f2c887ad10bf67f634f005b6987fed3179aac8"

abstract-leveldown@~2.6.0, abstract-leveldown@~2.6.1:
  version "2.6.3"
  resolved "https://registry.yarnpkg.com/abstract-leveldown/-/abstract-leveldown-2.6.3.tgz#1c5e8c6a5ef965ae8c35dfb3a8770c476b82c4b8"
  dependencies:
    xtend "~4.0.0"

after@~0.8.1:
  version "0.8.2"
  resolved "https://registry.yarnpkg.com/after/-/after-0.8.2.tgz#fedb394f9f0e02aa9768e702bda23b505fae7e1f"

ajv@^4.9.1:
  version "4.11.8"
  resolved "https://registry.yarnpkg.com/ajv/-/ajv-4.11.8.tgz#82ffb02b29e662ae53bdc20af15947706739c536"
  dependencies:
    co "^4.6.0"
    json-stable-stringify "^1.0.1"

ansi@^0.3.0, ansi@~0.3.1:
  version "0.3.1"
  resolved "https://registry.yarnpkg.com/ansi/-/ansi-0.3.1.tgz#0c42d4fb17160d5a9af1e484bace1c66922c1b21"

are-we-there-yet@~1.1.2:
  version "1.1.4"
  resolved "https://registry.yarnpkg.com/are-we-there-yet/-/are-we-there-yet-1.1.4.tgz#bb5dca382bb94f05e15194373d16fd3ba1ca110d"
  dependencies:
    delegates "^1.0.0"
    readable-stream "^2.0.6"

argsarray@0.0.1:
  version "0.0.1"
  resolved "https://registry.yarnpkg.com/argsarray/-/argsarray-0.0.1.tgz#6e7207b4ecdb39b0af88303fa5ae22bda8df61cb"

array-index@^1.0.0:
  version "1.0.0"
  resolved "https://registry.yarnpkg.com/array-index/-/array-index-1.0.0.tgz#ec56a749ee103e4e08c790b9c353df16055b97f9"
  dependencies:
    debug "^2.2.0"
    es6-symbol "^3.0.2"

asn1@~0.2.3:
  version "0.2.3"
  resolved "https://registry.yarnpkg.com/asn1/-/asn1-0.2.3.tgz#dac8787713c9966849fc8180777ebe9c1ddf3b86"

assert-plus@1.0.0, assert-plus@^1.0.0:
  version "1.0.0"
  resolved "https://registry.yarnpkg.com/assert-plus/-/assert-plus-1.0.0.tgz#f12e0f3c5d77b0b1cdd9146942e4e96c1e4dd525"

assert-plus@^0.2.0:
  version "0.2.0"
  resolved "https://registry.yarnpkg.com/assert-plus/-/assert-plus-0.2.0.tgz#d74e1b87e7affc0db8aadb7021f3fe48101ab234"

async@^1.4.0:
  version "1.5.2"
  resolved "https://registry.yarnpkg.com/async/-/async-1.5.2.tgz#ec6a61ae56480c0c3cb241c95618e20892f9672a"

asynckit@^0.4.0:
  version "0.4.0"
  resolved "https://registry.yarnpkg.com/asynckit/-/asynckit-0.4.0.tgz#c79ed97f7f34cb8f2ba1bc9790bcc366474b4b79"

attempt-x@^1.1.0, attempt-x@^1.1.1:
  version "1.1.1"
  resolved "https://registry.yarnpkg.com/attempt-x/-/attempt-x-1.1.1.tgz#fba64e96ce03c3e0bd92c92622061c4df387cb76"

aws-sign2@~0.6.0:
  version "0.6.0"
  resolved "https://registry.yarnpkg.com/aws-sign2/-/aws-sign2-0.6.0.tgz#14342dd38dbcc94d0e5b87d763cd63612c0e794f"

aws4@^1.2.1:
  version "1.6.0"
  resolved "https://registry.yarnpkg.com/aws4/-/aws4-1.6.0.tgz#83ef5ca860b2b32e4a0deedee8c771b9db57471e"

balanced-match@^1.0.0:
  version "1.0.0"
  resolved "https://registry.yarnpkg.com/balanced-match/-/balanced-match-1.0.0.tgz#89b4d199ab2bee49de164ea02b89ce462d71b767"

bcrypt-pbkdf@^1.0.0:
  version "1.0.1"
  resolved "https://registry.yarnpkg.com/bcrypt-pbkdf/-/bcrypt-pbkdf-1.0.1.tgz#63bc5dcb61331b92bc05fd528953c33462a06f8d"
  dependencies:
    tweetnacl "^0.14.3"

bindings@~1.2.1:
  version "1.2.1"
  resolved "https://registry.yarnpkg.com/bindings/-/bindings-1.2.1.tgz#14ad6113812d2d37d72e67b4cacb4bb726505f11"

bl@^1.0.0:
  version "1.2.1"
  resolved "https://registry.yarnpkg.com/bl/-/bl-1.2.1.tgz#cac328f7bee45730d404b692203fcb590e172d5e"
  dependencies:
    readable-stream "^2.0.5"

bl@~1.0.0:
  version "1.0.3"
  resolved "https://registry.yarnpkg.com/bl/-/bl-1.0.3.tgz#fc5421a28fd4226036c3b3891a66a25bc64d226e"
  dependencies:
    readable-stream "~2.0.5"

block-stream@*:
  version "0.0.9"
  resolved "https://registry.yarnpkg.com/block-stream/-/block-stream-0.0.9.tgz#13ebfe778a03205cfe03751481ebb4b3300c126a"
  dependencies:
    inherits "~2.0.0"

boom@2.x.x:
  version "2.10.1"
  resolved "https://registry.yarnpkg.com/boom/-/boom-2.10.1.tgz#39c8918ceff5799f83f9492a848f625add0c766f"
  dependencies:
    hoek "2.x.x"

brace-expansion@^1.1.7:
  version "1.1.8"
  resolved "https://registry.yarnpkg.com/brace-expansion/-/brace-expansion-1.1.8.tgz#c07b211c7c952ec1f8efd51a77ef0d1d3990a292"
  dependencies:
    balanced-match "^1.0.0"
    concat-map "0.0.1"

buffer-from@0.1.1:
  version "0.1.1"
  resolved "https://registry.yarnpkg.com/buffer-from/-/buffer-from-0.1.1.tgz#57b18b1da0a19ec06f33837a5275a242351bd75e"
  dependencies:
    is-array-buffer-x "^1.0.13"

cached-constructors-x@^1.0.0:
  version "1.0.0"
  resolved "https://registry.yarnpkg.com/cached-constructors-x/-/cached-constructors-x-1.0.0.tgz#c421e3892a4b6f7794434bdcffd1299b330c181b"

caseless@~0.12.0:
  version "0.12.0"
  resolved "https://registry.yarnpkg.com/caseless/-/caseless-0.12.0.tgz#1b681c21ff84033c826543090689420d187151dc"

chownr@^1.0.1:
  version "1.0.1"
  resolved "https://registry.yarnpkg.com/chownr/-/chownr-1.0.1.tgz#e2a75042a9551908bebd25b8523d5f9769d79181"

clone-buffer@1.0.0:
  version "1.0.0"
  resolved "https://registry.yarnpkg.com/clone-buffer/-/clone-buffer-1.0.0.tgz#e3e25b207ac4e701af721e2cb5a16792cac3dc58"

co@^4.6.0:
  version "4.6.0"
  resolved "https://registry.yarnpkg.com/co/-/co-4.6.0.tgz#6ea6bdf3d853ae54ccb8e47bfa0bf3f9031fb184"

combined-stream@^1.0.5, combined-stream@~1.0.5:
  version "1.0.5"
  resolved "https://registry.yarnpkg.com/combined-stream/-/combined-stream-1.0.5.tgz#938370a57b4a51dea2c77c15d5c5fdf895164009"
  dependencies:
    delayed-stream "~1.0.0"

concat-map@0.0.1:
  version "0.0.1"
  resolved "https://registry.yarnpkg.com/concat-map/-/concat-map-0.0.1.tgz#d8a96bd77fd68df7793a73036a3ba0d5405d477b"

core-util-is@1.0.2, core-util-is@~1.0.0:
  version "1.0.2"
  resolved "https://registry.yarnpkg.com/core-util-is/-/core-util-is-1.0.2.tgz#b5fd54220aa2bc5ab57aab7140c940754503c1a7"

cryptiles@2.x.x:
  version "2.0.5"
  resolved "https://registry.yarnpkg.com/cryptiles/-/cryptiles-2.0.5.tgz#3bdfecdc608147c1c67202fa291e7dca59eaa3b8"
  dependencies:
    boom "2.x.x"

d@1:
  version "1.0.0"
  resolved "https://registry.yarnpkg.com/d/-/d-1.0.0.tgz#754bb5bfe55451da69a58b94d45f4c5b0462d58f"
  dependencies:
    es5-ext "^0.10.9"

dashdash@^1.12.0:
  version "1.14.1"
  resolved "https://registry.yarnpkg.com/dashdash/-/dashdash-1.14.1.tgz#853cfa0f7cbe2fed5de20326b8dd581035f6e2f0"
  dependencies:
    assert-plus "^1.0.0"

debug@2.6.4, debug@^2.2.0:
  version "2.6.4"
  resolved "https://registry.yarnpkg.com/debug/-/debug-2.6.4.tgz#7586a9b3c39741c0282ae33445c4e8ac74734fe0"
  dependencies:
    ms "0.7.3"

deep-extend@~0.4.0:
  version "0.4.2"
  resolved "https://registry.yarnpkg.com/deep-extend/-/deep-extend-0.4.2.tgz#48b699c27e334bf89f10892be432f6e4c7d34a7f"

deferred-leveldown@~1.2.1:
  version "1.2.2"
  resolved "https://registry.yarnpkg.com/deferred-leveldown/-/deferred-leveldown-1.2.2.tgz#3acd2e0b75d1669924bc0a4b642851131173e1eb"
  dependencies:
    abstract-leveldown "~2.6.0"

delayed-stream@~1.0.0:
  version "1.0.0"
  resolved "https://registry.yarnpkg.com/delayed-stream/-/delayed-stream-1.0.0.tgz#df3ae199acadfb7d440aaae0b29e2272b24ec619"

delegates@^1.0.0:
  version "1.0.0"
  resolved "https://registry.yarnpkg.com/delegates/-/delegates-1.0.0.tgz#84c6e159b81904fdca59a0ef44cd870d31250f9a"

double-ended-queue@2.1.0-0:
  version "2.1.0-0"
  resolved "https://registry.yarnpkg.com/double-ended-queue/-/double-ended-queue-2.1.0-0.tgz#103d3527fd31528f40188130c841efdd78264e5c"

duplexer2@~0.0.2:
  version "0.0.2"
  resolved "https://registry.yarnpkg.com/duplexer2/-/duplexer2-0.0.2.tgz#c614dcf67e2fb14995a91711e5a617e8a60a31db"
  dependencies:
    readable-stream "~1.1.9"

ecc-jsbn@~0.1.1:
  version "0.1.1"
  resolved "https://registry.yarnpkg.com/ecc-jsbn/-/ecc-jsbn-0.1.1.tgz#0fc73a9ed5f0d53c38193398523ef7e543777505"
  dependencies:
    jsbn "~0.1.0"

end-of-stream@^1.0.0, end-of-stream@^1.1.0:
  version "1.4.0"
  resolved "https://registry.yarnpkg.com/end-of-stream/-/end-of-stream-1.4.0.tgz#7a90d833efda6cfa6eac0f4949dbb0fad3a63206"
  dependencies:
    once "^1.4.0"

end-stream@~0.1.0:
  version "0.1.0"
  resolved "https://registry.yarnpkg.com/end-stream/-/end-stream-0.1.0.tgz#32003f3f438a2b0143168137f8fa6e9866c81ed5"
  dependencies:
    write-stream "~0.4.3"

errno@~0.1.1:
  version "0.1.4"
  resolved "https://registry.yarnpkg.com/errno/-/errno-0.1.4.tgz#b896e23a9e5e8ba33871fc996abd3635fc9a1c7d"
  dependencies:
    prr "~0.0.0"

es5-ext@^0.10.35, es5-ext@^0.10.9, es5-ext@~0.10.14:
  version "0.10.35"
  resolved "https://registry.yarnpkg.com/es5-ext/-/es5-ext-0.10.35.tgz#18ee858ce6a3c45c7d79e91c15fcca9ec568494f"
  dependencies:
    es6-iterator "~2.0.1"
    es6-symbol "~3.1.1"

es6-iterator@~2.0.1:
  version "2.0.3"
  resolved "https://registry.yarnpkg.com/es6-iterator/-/es6-iterator-2.0.3.tgz#a7de889141a05a94b0854403b2d0a0fbfa98f3b7"
  dependencies:
    d "1"
    es5-ext "^0.10.35"
    es6-symbol "^3.1.1"

es6-symbol@^3.0.2, es6-symbol@^3.1.1, es6-symbol@~3.1.1:
  version "3.1.1"
  resolved "https://registry.yarnpkg.com/es6-symbol/-/es6-symbol-3.1.1.tgz#bf00ef4fdab6ba1b46ecb7b629b4c7ed5715cc77"
  dependencies:
    d "1"
    es5-ext "~0.10.14"

execspawn@^1.0.1:
  version "1.0.1"
  resolved "https://registry.yarnpkg.com/execspawn/-/execspawn-1.0.1.tgz#8286f9dde7cecde7905fbdc04e24f368f23f8da6"
  dependencies:
    util-extend "^1.0.1"

expand-template@^1.0.0:
  version "1.1.0"
  resolved "https://registry.yarnpkg.com/expand-template/-/expand-template-1.1.0.tgz#e09efba977bf98f9ee0ed25abd0c692e02aec3fc"

extend@~3.0.0:
  version "3.0.1"
  resolved "https://registry.yarnpkg.com/extend/-/extend-3.0.1.tgz#a755ea7bc1adfcc5a31ce7e762dbaadc5e636444"

extsprintf@1.3.0, extsprintf@^1.2.0:
  version "1.3.0"
  resolved "https://registry.yarnpkg.com/extsprintf/-/extsprintf-1.3.0.tgz#96918440e3041a7a414f8c52e3c574eb3c3e1e05"

fast-future@~1.0.0:
  version "1.0.2"
  resolved "https://registry.yarnpkg.com/fast-future/-/fast-future-1.0.2.tgz#8435a9aaa02d79248d17d704e76259301d99280a"

forever-agent@~0.6.1:
  version "0.6.1"
  resolved "https://registry.yarnpkg.com/forever-agent/-/forever-agent-0.6.1.tgz#fbc71f0c41adeb37f96c577ad1ed42d8fdacca91"

form-data@~2.1.1:
  version "2.1.4"
  resolved "https://registry.yarnpkg.com/form-data/-/form-data-2.1.4.tgz#33c183acf193276ecaa98143a69e94bfee1750d1"
  dependencies:
    asynckit "^0.4.0"
    combined-stream "^1.0.5"
    mime-types "^2.1.12"

fs.realpath@^1.0.0:
  version "1.0.0"
  resolved "https://registry.yarnpkg.com/fs.realpath/-/fs.realpath-1.0.0.tgz#1504ad2523158caa40db4a2787cb01411994ea4f"

fstream@^1.0.0, fstream@^1.0.2:
  version "1.0.11"
  resolved "https://registry.yarnpkg.com/fstream/-/fstream-1.0.11.tgz#5c1fb1f117477114f0632a0eb4b71b3cb0fd3171"
  dependencies:
    graceful-fs "^4.1.2"
    inherits "~2.0.0"
    mkdirp ">=0.5 0"
    rimraf "2"

gauge@~1.2.5:
  version "1.2.7"
  resolved "https://registry.yarnpkg.com/gauge/-/gauge-1.2.7.tgz#e9cec5483d3d4ee0ef44b60a7d99e4935e136d93"
  dependencies:
    ansi "^0.3.0"
    has-unicode "^2.0.0"
    lodash.pad "^4.1.0"
    lodash.padend "^4.1.0"
    lodash.padstart "^4.1.0"

getpass@^0.1.1:
  version "0.1.7"
  resolved "https://registry.yarnpkg.com/getpass/-/getpass-0.1.7.tgz#5eff8e3e684d569ae4cb2b1282604e8ba62149fa"
  dependencies:
    assert-plus "^1.0.0"

ghreleases@^1.0.2:
  version "1.0.6"
  resolved "https://registry.yarnpkg.com/ghreleases/-/ghreleases-1.0.6.tgz#b1b9b773a9d4090a524497806be0dedd7882219d"
  dependencies:
    after "~0.8.1"
    ghrepos "~2.0.0"
    ghutils "~3.2.0"
    simple-mime "~0.1.0"
    url-template "~2.0.6"
    xtend "~4.0.0"

ghrepos@~2.0.0:
  version "2.0.0"
  resolved "https://registry.yarnpkg.com/ghrepos/-/ghrepos-2.0.0.tgz#d66eae9d98a3b5398e460d6db7e10a742692e81b"
  dependencies:
    ghutils "~3.2.0"

ghutils@~3.2.0:
  version "3.2.1"
  resolved "https://registry.yarnpkg.com/ghutils/-/ghutils-3.2.1.tgz#4fcedffac935fcace06e12a17c6174e2c29ffe4f"
  dependencies:
    jsonist "~1.3.0"
    xtend "~4.0.1"

github-from-package@0.0.0:
  version "0.0.0"
  resolved "https://registry.yarnpkg.com/github-from-package/-/github-from-package-0.0.0.tgz#97fb5d96bfde8973313f20e8288ef9a167fa64ce"

"glob@3 || 4 || 5 || 6 || 7", glob@^7.0.3, glob@^7.0.5:
  version "7.1.2"
  resolved "https://registry.yarnpkg.com/glob/-/glob-7.1.2.tgz#c19c9df9a028702d678612384a6552404c636d15"
  dependencies:
    fs.realpath "^1.0.0"
    inflight "^1.0.4"
    inherits "2"
    minimatch "^3.0.4"
    once "^1.3.0"
    path-is-absolute "^1.0.0"

graceful-fs@^4.1.2:
  version "4.1.11"
  resolved "https://registry.yarnpkg.com/graceful-fs/-/graceful-fs-4.1.11.tgz#0e8bdfe4d1ddb8854d64e04ea7c00e2a026e5658"

har-schema@^1.0.5:
  version "1.0.5"
  resolved "https://registry.yarnpkg.com/har-schema/-/har-schema-1.0.5.tgz#d263135f43307c02c602afc8fe95970c0151369e"

har-validator@~4.2.0:
  version "4.2.1"
  resolved "https://registry.yarnpkg.com/har-validator/-/har-validator-4.2.1.tgz#33481d0f1bbff600dd203d75812a6a5fba002e2a"
  dependencies:
    ajv "^4.9.1"
    har-schema "^1.0.5"

has-own-property-x@^3.1.1:
  version "3.2.0"
  resolved "https://registry.yarnpkg.com/has-own-property-x/-/has-own-property-x-3.2.0.tgz#1c4b112a577c8cb5805469556e54b6e959e4ded9"
  dependencies:
    cached-constructors-x "^1.0.0"
    to-object-x "^1.5.0"
    to-property-key-x "^2.0.2"

has-symbol-support-x@^1.4.1:
  version "1.4.1"
  resolved "https://registry.yarnpkg.com/has-symbol-support-x/-/has-symbol-support-x-1.4.1.tgz#66ec2e377e0c7d7ccedb07a3a84d77510ff1bc4c"

has-to-string-tag-x@^1.4.1:
  version "1.4.1"
  resolved "https://registry.yarnpkg.com/has-to-string-tag-x/-/has-to-string-tag-x-1.4.1.tgz#a045ab383d7b4b2012a00148ab0aa5f290044d4d"
  dependencies:
    has-symbol-support-x "^1.4.1"

has-unicode@^2.0.0:
  version "2.0.1"
  resolved "https://registry.yarnpkg.com/has-unicode/-/has-unicode-2.0.1.tgz#e0e6fe6a28cf51138855e086d1691e771de2a8b9"

hawk@~3.1.3:
  version "3.1.3"
  resolved "https://registry.yarnpkg.com/hawk/-/hawk-3.1.3.tgz#078444bd7c1640b0fe540d2c9b73d59678e8e1c4"
  dependencies:
    boom "2.x.x"
    cryptiles "2.x.x"
    hoek "2.x.x"
    sntp "1.x.x"

hoek@2.x.x:
  version "2.16.3"
  resolved "https://registry.yarnpkg.com/hoek/-/hoek-2.16.3.tgz#20bb7403d3cea398e91dc4710a8ff1b8274a25ed"

http-signature@~1.1.0:
  version "1.1.1"
  resolved "https://registry.yarnpkg.com/http-signature/-/http-signature-1.1.1.tgz#df72e267066cd0ac67fb76adf8e134a8fbcf91bf"
  dependencies:
    assert-plus "^0.2.0"
    jsprim "^1.2.2"
    sshpk "^1.7.0"

hyperquest@~1.2.0:
  version "1.2.0"
  resolved "https://registry.yarnpkg.com/hyperquest/-/hyperquest-1.2.0.tgz#39e1fef66888dc7ce0dec6c0dd814f6fc8944ad5"
  dependencies:
    duplexer2 "~0.0.2"
    through2 "~0.6.3"

immediate@3.0.6, immediate@~3.0.5:
  version "3.0.6"
  resolved "https://registry.yarnpkg.com/immediate/-/immediate-3.0.6.tgz#9db1dbd0faf8de6fbe0f5dd5e56bb606280de69b"

infinity-x@^1.0.0:
  version "1.0.0"
  resolved "https://registry.yarnpkg.com/infinity-x/-/infinity-x-1.0.0.tgz#cea2d75181d820961b0f72d78e7c4e06fdd55a07"

inflight@^1.0.4:
  version "1.0.6"
  resolved "https://registry.yarnpkg.com/inflight/-/inflight-1.0.6.tgz#49bd6331d7d02d0c09bc910a1075ba8165b56df9"
  dependencies:
    once "^1.3.0"
    wrappy "1"

inherits@2, inherits@2.0.3, inherits@^2.0.1, inherits@~2.0.0, inherits@~2.0.1, inherits@~2.0.3:
  version "2.0.3"
  resolved "https://registry.yarnpkg.com/inherits/-/inherits-2.0.3.tgz#633c2c83e3da42a502f52466022480f4208261de"

ini@~1.3.0:
  version "1.3.4"
  resolved "https://registry.yarnpkg.com/ini/-/ini-1.3.4.tgz#0537cb79daf59b59a1a517dff706c86ec039162e"

is-array-buffer-x@^1.0.13:
  version "1.7.0"
  resolved "https://registry.yarnpkg.com/is-array-buffer-x/-/is-array-buffer-x-1.7.0.tgz#4b0b10427b64aa3437767adf4fc07702c59b2371"
  dependencies:
    attempt-x "^1.1.0"
    has-to-string-tag-x "^1.4.1"
    is-object-like-x "^1.5.1"
    object-get-own-property-descriptor-x "^3.2.0"
    to-string-tag-x "^1.4.1"

is-date-object@^1.0.1:
  version "1.0.1"
  resolved "https://registry.yarnpkg.com/is-date-object/-/is-date-object-1.0.1.tgz#9aa20eb6aeebbff77fbd33e74ca01b33581d3a16"

is-falsey-x@^1.0.0, is-falsey-x@^1.0.1:
  version "1.0.1"
  resolved "https://registry.yarnpkg.com/is-falsey-x/-/is-falsey-x-1.0.1.tgz#c469951adc95b8b3fdbf90929b335a7de937d17f"
  dependencies:
    to-boolean-x "^1.0.1"

is-finite-x@^3.0.2:
  version "3.0.2"
  resolved "https://registry.yarnpkg.com/is-finite-x/-/is-finite-x-3.0.2.tgz#a6ec683cfb2bc1a918a1ff59d178edbcea54f7a6"
  dependencies:
    infinity-x "^1.0.0"
    is-nan-x "^1.0.1"

is-function-x@^3.2.0, is-function-x@^3.3.0:
  version "3.3.0"
  resolved "https://registry.yarnpkg.com/is-function-x/-/is-function-x-3.3.0.tgz#7d16bc113853db206d5e40a8b32caf99bd4ff7c0"
  dependencies:
    attempt-x "^1.1.1"
    has-to-string-tag-x "^1.4.1"
    is-falsey-x "^1.0.1"
    is-primitive "^2.0.0"
    normalize-space-x "^3.0.0"
    replace-comments-x "^2.0.0"
    to-boolean-x "^1.0.1"
    to-string-tag-x "^1.4.2"

is-index-x@^1.0.0:
  version "1.1.0"
  resolved "https://registry.yarnpkg.com/is-index-x/-/is-index-x-1.1.0.tgz#43dac97b3a04f30191530833f45ac35001682ee2"
  dependencies:
    math-clamp-x "^1.2.0"
    max-safe-integer "^1.0.1"
    to-integer-x "^3.0.0"
    to-number-x "^2.0.0"
    to-string-symbols-supported-x "^1.0.0"

is-nan-x@^1.0.1:
  version "1.0.1"
  resolved "https://registry.yarnpkg.com/is-nan-x/-/is-nan-x-1.0.1.tgz#de747ebcc8bddeb66f367c17caca7eba843855c0"

is-nil-x@^1.4.1:
  version "1.4.1"
  resolved "https://registry.yarnpkg.com/is-nil-x/-/is-nil-x-1.4.1.tgz#bd9e7b08b4cd732f9dcbde13d93291bb2ec2e248"
  dependencies:
    lodash.isnull "^3.0.0"
    validate.io-undefined "^1.0.3"

is-object-like-x@^1.5.1:
  version "1.6.0"
  resolved "https://registry.yarnpkg.com/is-object-like-x/-/is-object-like-x-1.6.0.tgz#a8c4a95bd6b95db174e0e4730171a160ec73be82"
  dependencies:
    is-function-x "^3.3.0"
    is-primitive "^2.0.0"

is-primitive@^2.0.0:
  version "2.0.0"
  resolved "https://registry.yarnpkg.com/is-primitive/-/is-primitive-2.0.0.tgz#207bab91638499c07b2adf240a41a87210034575"

is-string@^1.0.4:
  version "1.0.4"
  resolved "https://registry.yarnpkg.com/is-string/-/is-string-1.0.4.tgz#cc3a9b69857d621e963725a24caeec873b826e64"

is-symbol@^1.0.1:
  version "1.0.1"
  resolved "https://registry.yarnpkg.com/is-symbol/-/is-symbol-1.0.1.tgz#3cc59f00025194b6ab2e38dbae6689256b660572"

is-typedarray@~1.0.0:
  version "1.0.0"
  resolved "https://registry.yarnpkg.com/is-typedarray/-/is-typedarray-1.0.0.tgz#e479c80858df0c1b11ddda6940f96011fcda4a9a"

isarray@0.0.1:
  version "0.0.1"
  resolved "https://registry.yarnpkg.com/isarray/-/isarray-0.0.1.tgz#8a18acfca9a8f4177e09abfc6038939b05d1eedf"

isarray@~1.0.0:
  version "1.0.0"
  resolved "https://registry.yarnpkg.com/isarray/-/isarray-1.0.0.tgz#bb935d48582cba168c06834957a54a3e07124f11"

isexe@^2.0.0:
  version "2.0.0"
  resolved "https://registry.yarnpkg.com/isexe/-/isexe-2.0.0.tgz#e8fbf374dc556ff8947a10dcb0572d633f2cfa10"

isstream@~0.1.2:
  version "0.1.2"
  resolved "https://registry.yarnpkg.com/isstream/-/isstream-0.1.2.tgz#47e63f7af55afa6f92e1500e690eb8b8529c099a"

jsbn@~0.1.0:
  version "0.1.1"
  resolved "https://registry.yarnpkg.com/jsbn/-/jsbn-0.1.1.tgz#a5e654c2e5a2deb5f201d96cefbca80c0ef2f513"

json-schema@0.2.3:
  version "0.2.3"
  resolved "https://registry.yarnpkg.com/json-schema/-/json-schema-0.2.3.tgz#b480c892e59a2f05954ce727bd3f2a4e882f9e13"

json-stable-stringify@^1.0.1:
  version "1.0.1"
  resolved "https://registry.yarnpkg.com/json-stable-stringify/-/json-stable-stringify-1.0.1.tgz#9a759d39c5f2ff503fd5300646ed445f88c4f9af"
  dependencies:
    jsonify "~0.0.0"

json-stringify-safe@~5.0.0, json-stringify-safe@~5.0.1:
  version "5.0.1"
  resolved "https://registry.yarnpkg.com/json-stringify-safe/-/json-stringify-safe-5.0.1.tgz#1296a2d58fd45f19a0f6ce01d65701e2c735b6eb"

jsonify@~0.0.0:
  version "0.0.0"
  resolved "https://registry.yarnpkg.com/jsonify/-/jsonify-0.0.0.tgz#2c74b6ee41d93ca51b7b5aaee8f503631d252a73"

jsonist@~1.3.0:
  version "1.3.0"
  resolved "https://registry.yarnpkg.com/jsonist/-/jsonist-1.3.0.tgz#c0c74b95ef1c952038619b29efa520b1cc987556"
  dependencies:
    bl "~1.0.0"
    hyperquest "~1.2.0"
    json-stringify-safe "~5.0.0"
    xtend "~4.0.0"

jsprim@^1.2.2:
  version "1.4.1"
  resolved "https://registry.yarnpkg.com/jsprim/-/jsprim-1.4.1.tgz#313e66bc1e5cc06e438bc1b7499c2e5c56acb6a2"
  dependencies:
    assert-plus "1.0.0"
    extsprintf "1.3.0"
    json-schema "0.2.3"
    verror "1.10.0"

level-codec@7.0.0:
  version "7.0.0"
  resolved "https://registry.yarnpkg.com/level-codec/-/level-codec-7.0.0.tgz#c755b68d0d44ffa0b1cba044b8f81a55a14ad39b"

level-codec@~6.1.0:
  version "6.1.0"
  resolved "https://registry.yarnpkg.com/level-codec/-/level-codec-6.1.0.tgz#f5df0a99582f76dac43855151ab6f4e4d0d60045"

level-errors@^1.0.3, level-errors@~1.0.3:
  version "1.0.5"
  resolved "https://registry.yarnpkg.com/level-errors/-/level-errors-1.0.5.tgz#83dbfb12f0b8a2516bdc9a31c4876038e227b859"
  dependencies:
    errno "~0.1.1"

level-iterator-stream@~1.3.0:
  version "1.3.1"
  resolved "https://registry.yarnpkg.com/level-iterator-stream/-/level-iterator-stream-1.3.1.tgz#e43b78b1a8143e6fa97a4f485eb8ea530352f2ed"
  dependencies:
    inherits "^2.0.1"
    level-errors "^1.0.3"
    readable-stream "^1.0.33"
    xtend "^4.0.0"

level-write-stream@1.0.0:
  version "1.0.0"
  resolved "https://registry.yarnpkg.com/level-write-stream/-/level-write-stream-1.0.0.tgz#3f7fbb679a55137c0feb303dee766e12ee13c1dc"
  dependencies:
    end-stream "~0.1.0"

leveldown@1.5.0:
  version "1.5.0"
  resolved "https://registry.yarnpkg.com/leveldown/-/leveldown-1.5.0.tgz#6b8d3cbea7a4a89aa47444607d7358213e6fcb81"
  dependencies:
    abstract-leveldown "~2.6.1"
    bindings "~1.2.1"
    fast-future "~1.0.0"
    nan "~2.4.0"
    prebuild "^4.1.1"

levelup@1.3.8:
  version "1.3.8"
  resolved "https://registry.yarnpkg.com/levelup/-/levelup-1.3.8.tgz#fb442c488efbea1043f7eb9929a792a74fbd1da6"
  dependencies:
    deferred-leveldown "~1.2.1"
    level-codec "~6.1.0"
    level-errors "~1.0.3"
    level-iterator-stream "~1.3.0"
    prr "~1.0.1"
    semver "~5.1.0"
    xtend "~4.0.0"

lie@3.1.1:
  version "3.1.1"
  resolved "https://registry.yarnpkg.com/lie/-/lie-3.1.1.tgz#9a436b2cc7746ca59de7a41fa469b3efb76bd87e"
  dependencies:
    immediate "~3.0.5"

lodash.isnull@^3.0.0:
  version "3.0.0"
  resolved "https://registry.yarnpkg.com/lodash.isnull/-/lodash.isnull-3.0.0.tgz#fafbe59ea1dca27eed786534039dd84c2e07c56e"

lodash.pad@^4.1.0:
  version "4.5.1"
  resolved "https://registry.yarnpkg.com/lodash.pad/-/lodash.pad-4.5.1.tgz#4330949a833a7c8da22cc20f6a26c4d59debba70"

lodash.padend@^4.1.0:
  version "4.6.1"
  resolved "https://registry.yarnpkg.com/lodash.padend/-/lodash.padend-4.6.1.tgz#53ccba047d06e158d311f45da625f4e49e6f166e"

lodash.padstart@^4.1.0:
  version "4.6.1"
  resolved "https://registry.yarnpkg.com/lodash.padstart/-/lodash.padstart-4.6.1.tgz#d2e3eebff0d9d39ad50f5cbd1b52a7bce6bb611b"

ltgt@2.2.0:
  version "2.2.0"
  resolved "https://registry.yarnpkg.com/ltgt/-/ltgt-2.2.0.tgz#b65ba5fcb349a29924c8e333f7c6a5562f2e4842"

math-clamp-x@^1.2.0:
  version "1.2.0"
  resolved "https://registry.yarnpkg.com/math-clamp-x/-/math-clamp-x-1.2.0.tgz#8b537be0645bbba7ee73ee16091e7d6018c5edcf"
  dependencies:
    to-number-x "^2.0.0"

math-sign-x@^3.0.0:
  version "3.0.0"
  resolved "https://registry.yarnpkg.com/math-sign-x/-/math-sign-x-3.0.0.tgz#d5286022b48e150c384729a86042e0835264c3ed"
  dependencies:
    is-nan-x "^1.0.1"
    to-number-x "^2.0.0"

max-safe-integer@^1.0.1:
  version "1.0.1"
  resolved "https://registry.yarnpkg.com/max-safe-integer/-/max-safe-integer-1.0.1.tgz#f38060be2c563d8c02e6d48af39122fd83b6f410"

mime-db@~1.30.0:
  version "1.30.0"
  resolved "https://registry.yarnpkg.com/mime-db/-/mime-db-1.30.0.tgz#74c643da2dd9d6a45399963465b26d5ca7d71f01"

mime-types@^2.1.12, mime-types@~2.1.7:
  version "2.1.17"
  resolved "https://registry.yarnpkg.com/mime-types/-/mime-types-2.1.17.tgz#09d7a393f03e995a79f8af857b70a9e0ab16557a"
  dependencies:
    mime-db "~1.30.0"

minimatch@3, minimatch@^3.0.2, minimatch@^3.0.4:
  version "3.0.4"
  resolved "https://registry.yarnpkg.com/minimatch/-/minimatch-3.0.4.tgz#5166e286457f03306064be5497e8dbb0c3d32083"
  dependencies:
    brace-expansion "^1.1.7"

minimist@0.0.8:
  version "0.0.8"
  resolved "https://registry.yarnpkg.com/minimist/-/minimist-0.0.8.tgz#857fcabfc3397d2625b8228262e86aa7a011b05d"

minimist@^1.1.2, minimist@^1.2.0:
  version "1.2.0"
  resolved "https://registry.yarnpkg.com/minimist/-/minimist-1.2.0.tgz#a35008b20f41383eec1fb914f4cd5df79a264284"

"mkdirp@>=0.5 0", mkdirp@^0.5.0, mkdirp@^0.5.1:
  version "0.5.1"
  resolved "https://registry.yarnpkg.com/mkdirp/-/mkdirp-0.5.1.tgz#30057438eac6cf7f8c4767f38648d6697d75c903"
  dependencies:
    minimist "0.0.8"

ms@0.7.3:
  version "0.7.3"
  resolved "https://registry.yarnpkg.com/ms/-/ms-0.7.3.tgz#708155a5e44e33f5fd0fc53e81d0d40a91be1fff"

nan-x@^1.0.0:
  version "1.0.0"
  resolved "https://registry.yarnpkg.com/nan-x/-/nan-x-1.0.0.tgz#0ee78e8d1cd0592d5b4260a5940154545c61c121"

nan@~2.4.0:
  version "2.4.0"
  resolved "https://registry.yarnpkg.com/nan/-/nan-2.4.0.tgz#fb3c59d45fe4effe215f0b890f8adf6eb32d2232"

node-gyp@^3.0.3:
  version "3.6.2"
  resolved "https://registry.yarnpkg.com/node-gyp/-/node-gyp-3.6.2.tgz#9bfbe54562286284838e750eac05295853fa1c60"
  dependencies:
    fstream "^1.0.0"
    glob "^7.0.3"
    graceful-fs "^4.1.2"
    minimatch "^3.0.2"
    mkdirp "^0.5.0"
    nopt "2 || 3"
    npmlog "0 || 1 || 2 || 3 || 4"
    osenv "0"
    request "2"
    rimraf "2"
    semver "~5.3.0"
    tar "^2.0.0"
    which "1"

node-ninja@^1.0.1:
  version "1.0.2"
  resolved "https://registry.yarnpkg.com/node-ninja/-/node-ninja-1.0.2.tgz#20a09e57b92e2df591993d4bf098ac3e727062b6"
  dependencies:
    fstream "^1.0.0"
    glob "3 || 4 || 5 || 6 || 7"
    graceful-fs "^4.1.2"
    minimatch "3"
    mkdirp "^0.5.0"
    nopt "2 || 3"
    npmlog "0 || 1 || 2"
    osenv "0"
    path-array "^1.0.0"
    request "2"
    rimraf "2"
    semver "2.x || 3.x || 4 || 5"
    tar "^2.0.0"
    which "1"

noop-logger@^0.1.0:
  version "0.1.1"
  resolved "https://registry.yarnpkg.com/noop-logger/-/noop-logger-0.1.1.tgz#94a2b1633c4f1317553007d8966fd0e841b6a4c2"

"nopt@2 || 3":
  version "3.0.6"
  resolved "https://registry.yarnpkg.com/nopt/-/nopt-3.0.6.tgz#c6465dbf08abcd4db359317f79ac68a646b28ff9"
  dependencies:
    abbrev "1"

normalize-space-x@^3.0.0:
  version "3.0.0"
  resolved "https://registry.yarnpkg.com/normalize-space-x/-/normalize-space-x-3.0.0.tgz#17907d6c7c724a4f9567471cbb319553bc0f8882"
  dependencies:
    cached-constructors-x "^1.0.0"
    trim-x "^3.0.0"
    white-space-x "^3.0.0"

"npmlog@0 || 1 || 2", "npmlog@0 || 1 || 2 || 3 || 4", npmlog@^2.0.0:
  version "2.0.4"
  resolved "https://registry.yarnpkg.com/npmlog/-/npmlog-2.0.4.tgz#98b52530f2514ca90d09ec5b22c8846722375692"
  dependencies:
    ansi "~0.3.1"
    are-we-there-yet "~1.1.2"
    gauge "~1.2.5"

oauth-sign@~0.8.1:
  version "0.8.2"
  resolved "https://registry.yarnpkg.com/oauth-sign/-/oauth-sign-0.8.2.tgz#46a6ab7f0aead8deae9ec0565780b7d4efeb9d43"

object-get-own-property-descriptor-x@^3.2.0:
  version "3.2.0"
  resolved "https://registry.yarnpkg.com/object-get-own-property-descriptor-x/-/object-get-own-property-descriptor-x-3.2.0.tgz#464585ad03e66108ed166c99325b8d2c5ba93712"
  dependencies:
    attempt-x "^1.1.0"
    has-own-property-x "^3.1.1"
    has-symbol-support-x "^1.4.1"
    is-falsey-x "^1.0.0"
    is-index-x "^1.0.0"
    is-primitive "^2.0.0"
    is-string "^1.0.4"
    property-is-enumerable-x "^1.1.0"
    to-object-x "^1.4.1"
    to-property-key-x "^2.0.1"

once@^1.3.0, once@^1.3.1, once@^1.4.0:
  version "1.4.0"
  resolved "https://registry.yarnpkg.com/once/-/once-1.4.0.tgz#583b1aa775961d4b113ac17d9c50baef9dd76bd1"
  dependencies:
    wrappy "1"

os-homedir@^1.0.0, os-homedir@^1.0.1:
  version "1.0.2"
  resolved "https://registry.yarnpkg.com/os-homedir/-/os-homedir-1.0.2.tgz#ffbc4988336e0e833de0c168c7ef152121aa7fb3"

os-tmpdir@^1.0.0:
  version "1.0.2"
  resolved "https://registry.yarnpkg.com/os-tmpdir/-/os-tmpdir-1.0.2.tgz#bbe67406c79aa85c5cfec766fe5734555dfa1274"

osenv@0:
  version "0.1.4"
  resolved "https://registry.yarnpkg.com/osenv/-/osenv-0.1.4.tgz#42fe6d5953df06c8064be6f176c3d05aaaa34644"
  dependencies:
    os-homedir "^1.0.0"
    os-tmpdir "^1.0.0"

parse-int-x@^2.0.0:
  version "2.0.0"
  resolved "https://registry.yarnpkg.com/parse-int-x/-/parse-int-x-2.0.0.tgz#9f979d4115930df2f4706a41810b9c712405552f"
  dependencies:
    cached-constructors-x "^1.0.0"
    nan-x "^1.0.0"
    to-string-x "^1.4.2"
    trim-left-x "^3.0.0"

path-array@^1.0.0:
  version "1.0.1"
  resolved "https://registry.yarnpkg.com/path-array/-/path-array-1.0.1.tgz#7e2f0f35f07a2015122b868b7eac0eb2c4fec271"
  dependencies:
    array-index "^1.0.0"

path-is-absolute@^1.0.0:
  version "1.0.1"
  resolved "https://registry.yarnpkg.com/path-is-absolute/-/path-is-absolute-1.0.1.tgz#174b9268735534ffbc7ace6bf53a5a9e1b5c5f5f"

performance-now@^0.2.0:
  version "0.2.0"
  resolved "https://registry.yarnpkg.com/performance-now/-/performance-now-0.2.0.tgz#33ef30c5c77d4ea21c5a53869d91b56d8f2555e5"

pouchdb-abstract-mapreduce@6.3.4:
  version "6.3.4"
  resolved "https://registry.yarnpkg.com/pouchdb-abstract-mapreduce/-/pouchdb-abstract-mapreduce-6.3.4.tgz#0d8a11ec300e3affcacbf6e9618d3eccd3f2e9ce"
  dependencies:
    pouchdb-binary-utils "6.3.4"
    pouchdb-collate "6.3.4"
    pouchdb-collections "6.3.4"
    pouchdb-mapreduce-utils "6.3.4"
    pouchdb-md5 "6.3.4"
    pouchdb-promise "6.3.4"
    pouchdb-utils "6.3.4"

pouchdb-binary-utils@6.3.4:
  version "6.3.4"
  resolved "https://registry.yarnpkg.com/pouchdb-binary-utils/-/pouchdb-binary-utils-6.3.4.tgz#9bfd1b4b3d8caccfd2b6046b1316b4f70afea9f6"
  dependencies:
    buffer-from "0.1.1"

pouchdb-collate@6.3.4:
  version "6.3.4"
  resolved "https://registry.yarnpkg.com/pouchdb-collate/-/pouchdb-collate-6.3.4.tgz#4f03245b3309fdd5f937caffc9efa0e8ee591b4d"

pouchdb-collections@6.3.4:
  version "6.3.4"
  resolved "https://registry.yarnpkg.com/pouchdb-collections/-/pouchdb-collections-6.3.4.tgz#24f4dd3d7aabd630b2f5f26353fe09ddd4ef7afa"

pouchdb-errors@6.3.4:
  version "6.3.4"
  resolved "https://registry.yarnpkg.com/pouchdb-errors/-/pouchdb-errors-6.3.4.tgz#abc1a84242e9276a1102e5cba1802aa08e5be45a"
  dependencies:
    inherits "2.0.3"

pouchdb-find@6.3.4:
  version "6.3.4"
  resolved "https://registry.yarnpkg.com/pouchdb-find/-/pouchdb-find-6.3.4.tgz#27163e3d9a82bab2cc6db1deb73447762e8bd705"
  dependencies:
    pouchdb-abstract-mapreduce "6.3.4"
    pouchdb-collate "6.3.4"
    pouchdb-md5 "6.3.4"
    pouchdb-promise "6.3.4"
    pouchdb-selector-core "6.3.4"
    pouchdb-utils "6.3.4"

pouchdb-mapreduce-utils@6.3.4:
  version "6.3.4"
  resolved "https://registry.yarnpkg.com/pouchdb-mapreduce-utils/-/pouchdb-mapreduce-utils-6.3.4.tgz#0d85fb7cc1faf078afc638fdf07d9db3ce8fdaa6"
  dependencies:
    argsarray "0.0.1"
    inherits "2.0.3"
    pouchdb-collections "6.3.4"
    pouchdb-utils "6.3.4"

pouchdb-md5@6.3.4:
  version "6.3.4"
  resolved "https://registry.yarnpkg.com/pouchdb-md5/-/pouchdb-md5-6.3.4.tgz#364987fa184a33a48cfc7eb175a279fca113a4e8"
  dependencies:
    pouchdb-binary-utils "6.3.4"
    spark-md5 "3.0.0"

pouchdb-promise@6.3.4:
  version "6.3.4"
  resolved "https://registry.yarnpkg.com/pouchdb-promise/-/pouchdb-promise-6.3.4.tgz#817052fa2320293dd2dbc4be2f1cc81b02be30c2"
  dependencies:
    lie "3.1.1"

pouchdb-selector-core@6.3.4:
  version "6.3.4"
  resolved "https://registry.yarnpkg.com/pouchdb-selector-core/-/pouchdb-selector-core-6.3.4.tgz#116958b1af9d7147143da5a5e6ee74de128a9fbc"
  dependencies:
    pouchdb-collate "6.3.4"
    pouchdb-utils "6.3.4"

pouchdb-utils@6.3.4:
  version "6.3.4"
  resolved "https://registry.yarnpkg.com/pouchdb-utils/-/pouchdb-utils-6.3.4.tgz#3926541ae439c019d9738d5e5c3aa9bb110e6a25"
  dependencies:
    argsarray "0.0.1"
    clone-buffer "1.0.0"
    immediate "3.0.6"
    inherits "2.0.3"
    pouchdb-collections "6.3.4"
    pouchdb-errors "6.3.4"
    pouchdb-promise "6.3.4"
    uuid "^3.1.0"

pouchdb@6.3.4:
  version "6.3.4"
  resolved "https://registry.yarnpkg.com/pouchdb/-/pouchdb-6.3.4.tgz#e3c8596d19cc12f7474ca48d5d3800affaf701b1"
  dependencies:
    argsarray "0.0.1"
    buffer-from "0.1.1"
    clone-buffer "1.0.0"
    debug "2.6.4"
    double-ended-queue "2.1.0-0"
    immediate "3.0.6"
    inherits "2.0.3"
    level-codec "7.0.0"
    level-write-stream "1.0.0"
    leveldown "1.5.0"
    levelup "1.3.8"
    lie "3.1.1"
    ltgt "2.2.0"
    readable-stream "1.0.33"
    request "2.80.0"
    spark-md5 "3.0.0"
    through2 "2.0.3"
    uuid "^3.1.0"
    vuvuzela "1.0.3"

prebuild@^4.1.1:
  version "4.5.0"
  resolved "https://registry.yarnpkg.com/prebuild/-/prebuild-4.5.0.tgz#2aaa0df2063bff814a803bd4dc94ff9b64e5df00"
  dependencies:
    async "^1.4.0"
    execspawn "^1.0.1"
    expand-template "^1.0.0"
    ghreleases "^1.0.2"
    github-from-package "0.0.0"
    minimist "^1.1.2"
    mkdirp "^0.5.1"
    node-gyp "^3.0.3"
    node-ninja "^1.0.1"
    noop-logger "^0.1.0"
    npmlog "^2.0.0"
    os-homedir "^1.0.1"
    pump "^1.0.0"
    rc "^1.0.3"
    simple-get "^1.4.2"
    tar-fs "^1.7.0"
    tar-stream "^1.2.1"
    xtend "^4.0.1"

process-nextick-args@~1.0.6:
  version "1.0.7"
  resolved "https://registry.yarnpkg.com/process-nextick-args/-/process-nextick-args-1.0.7.tgz#150e20b756590ad3f91093f25a4f2ad8bff30ba3"

property-is-enumerable-x@^1.1.0:
  version "1.1.0"
  resolved "https://registry.yarnpkg.com/property-is-enumerable-x/-/property-is-enumerable-x-1.1.0.tgz#7ca48917476cd0914b37809bfd05776a0d942f6f"
  dependencies:
    to-object-x "^1.4.1"
    to-property-key-x "^2.0.1"

prr@~0.0.0:
  version "0.0.0"
  resolved "https://registry.yarnpkg.com/prr/-/prr-0.0.0.tgz#1a84b85908325501411853d0081ee3fa86e2926a"

prr@~1.0.1:
  version "1.0.1"
  resolved "https://registry.yarnpkg.com/prr/-/prr-1.0.1.tgz#d3fc114ba06995a45ec6893f484ceb1d78f5f476"

pump@^1.0.0:
  version "1.0.2"
  resolved "https://registry.yarnpkg.com/pump/-/pump-1.0.2.tgz#3b3ee6512f94f0e575538c17995f9f16990a5d51"
  dependencies:
    end-of-stream "^1.1.0"
    once "^1.3.1"

punycode@^1.4.1:
  version "1.4.1"
  resolved "https://registry.yarnpkg.com/punycode/-/punycode-1.4.1.tgz#c0d5a63b2718800ad8e1eb0fa5269c84dd41845e"

qs@~6.3.0:
  version "6.3.2"
  resolved "https://registry.yarnpkg.com/qs/-/qs-6.3.2.tgz#e75bd5f6e268122a2a0e0bda630b2550c166502c"

rc@^1.0.3:
  version "1.2.2"
  resolved "https://registry.yarnpkg.com/rc/-/rc-1.2.2.tgz#d8ce9cb57e8d64d9c7badd9876c7c34cbe3c7077"
  dependencies:
    deep-extend "~0.4.0"
    ini "~1.3.0"
    minimist "^1.2.0"
    strip-json-comments "~2.0.1"

readable-stream@1.0.33, "readable-stream@>=1.0.33-1 <1.1.0-0", readable-stream@^1.0.33:
  version "1.0.33"
  resolved "https://registry.yarnpkg.com/readable-stream/-/readable-stream-1.0.33.tgz#3a360dd66c1b1d7fd4705389860eda1d0f61126c"
  dependencies:
    core-util-is "~1.0.0"
    inherits "~2.0.1"
    isarray "0.0.1"
    string_decoder "~0.10.x"

readable-stream@^2.0.0, readable-stream@^2.0.5, readable-stream@^2.0.6, readable-stream@^2.1.5:
  version "2.3.3"
  resolved "https://registry.yarnpkg.com/readable-stream/-/readable-stream-2.3.3.tgz#368f2512d79f9d46fdfc71349ae7878bbc1eb95c"
  dependencies:
    core-util-is "~1.0.0"
    inherits "~2.0.3"
    isarray "~1.0.0"
    process-nextick-args "~1.0.6"
    safe-buffer "~5.1.1"
    string_decoder "~1.0.3"
    util-deprecate "~1.0.1"

readable-stream@~0.0.2:
  version "0.0.4"
  resolved "https://registry.yarnpkg.com/readable-stream/-/readable-stream-0.0.4.tgz#f32d76e3fb863344a548d79923007173665b3b8d"

readable-stream@~1.1.9:
  version "1.1.14"
  resolved "https://registry.yarnpkg.com/readable-stream/-/readable-stream-1.1.14.tgz#7cf4c54ef648e3813084c636dd2079e166c081d9"
  dependencies:
    core-util-is "~1.0.0"
    inherits "~2.0.1"
    isarray "0.0.1"
    string_decoder "~0.10.x"

readable-stream@~2.0.5:
  version "2.0.6"
  resolved "https://registry.yarnpkg.com/readable-stream/-/readable-stream-2.0.6.tgz#8f90341e68a53ccc928788dacfcd11b36eb9b78e"
  dependencies:
    core-util-is "~1.0.0"
    inherits "~2.0.1"
    isarray "~1.0.0"
    process-nextick-args "~1.0.6"
    string_decoder "~0.10.x"
    util-deprecate "~1.0.1"

replace-comments-x@^2.0.0:
  version "2.0.0"
  resolved "https://registry.yarnpkg.com/replace-comments-x/-/replace-comments-x-2.0.0.tgz#a5cec18efd912aad78a7c3c4b69d01768556d140"
  dependencies:
    require-coercible-to-string-x "^1.0.0"
    to-string-x "^1.4.2"

request@2, request@2.80.0:
  version "2.80.0"
  resolved "https://registry.yarnpkg.com/request/-/request-2.80.0.tgz#8cc162d76d79381cdefdd3505d76b80b60589bd0"
  dependencies:
    aws-sign2 "~0.6.0"
    aws4 "^1.2.1"
    caseless "~0.12.0"
    combined-stream "~1.0.5"
    extend "~3.0.0"
    forever-agent "~0.6.1"
    form-data "~2.1.1"
    har-validator "~4.2.0"
    hawk "~3.1.3"
    http-signature "~1.1.0"
    is-typedarray "~1.0.0"
    isstream "~0.1.2"
    json-stringify-safe "~5.0.1"
    mime-types "~2.1.7"
    oauth-sign "~0.8.1"
    performance-now "^0.2.0"
    qs "~6.3.0"
    stringstream "~0.0.4"
    tough-cookie "~2.3.0"
    tunnel-agent "~0.4.1"
    uuid "^3.0.0"

require-coercible-to-string-x@^1.0.0:
  version "1.0.0"
  resolved "https://registry.yarnpkg.com/require-coercible-to-string-x/-/require-coercible-to-string-x-1.0.0.tgz#367b3e9ca67e00324c411b0b498453a74cd5569e"
  dependencies:
    require-object-coercible-x "^1.4.1"
    to-string-x "^1.4.2"

require-object-coercible-x@^1.4.1:
  version "1.4.1"
  resolved "https://registry.yarnpkg.com/require-object-coercible-x/-/require-object-coercible-x-1.4.1.tgz#75b9fb5bda2d15cf705a5714f108e8b40ca3eb2e"
  dependencies:
    is-nil-x "^1.4.1"

rimraf@2:
  version "2.6.2"
  resolved "https://registry.yarnpkg.com/rimraf/-/rimraf-2.6.2.tgz#2ed8150d24a16ea8651e6d6ef0f47c4158ce7a36"
  dependencies:
    glob "^7.0.5"

safe-buffer@~5.1.0, safe-buffer@~5.1.1:
  version "5.1.1"
  resolved "https://registry.yarnpkg.com/safe-buffer/-/safe-buffer-5.1.1.tgz#893312af69b2123def71f57889001671eeb2c853"

"semver@2.x || 3.x || 4 || 5", semver@~5.3.0:
  version "5.3.0"
  resolved "https://registry.yarnpkg.com/semver/-/semver-5.3.0.tgz#9b2ce5d3de02d17c6012ad326aa6b4d0cf54f94f"

semver@~5.1.0:
  version "5.1.1"
  resolved "https://registry.yarnpkg.com/semver/-/semver-5.1.1.tgz#a3292a373e6f3e0798da0b20641b9a9c5bc47e19"

simple-get@^1.4.2:
  version "1.4.3"
  resolved "https://registry.yarnpkg.com/simple-get/-/simple-get-1.4.3.tgz#e9755eda407e96da40c5e5158c9ea37b33becbeb"
  dependencies:
    once "^1.3.1"
    unzip-response "^1.0.0"
    xtend "^4.0.0"

simple-mime@~0.1.0:
  version "0.1.0"
  resolved "https://registry.yarnpkg.com/simple-mime/-/simple-mime-0.1.0.tgz#95f517c4f466d7cff561a71fc9dab2596ea9ef2e"

sntp@1.x.x:
  version "1.0.9"
  resolved "https://registry.yarnpkg.com/sntp/-/sntp-1.0.9.tgz#6541184cc90aeea6c6e7b35e2659082443c66198"
  dependencies:
    hoek "2.x.x"

spark-md5@3.0.0:
  version "3.0.0"
  resolved "https://registry.yarnpkg.com/spark-md5/-/spark-md5-3.0.0.tgz#3722227c54e2faf24b1dc6d933cc144e6f71bfef"

sshpk@^1.7.0:
  version "1.13.1"
  resolved "https://registry.yarnpkg.com/sshpk/-/sshpk-1.13.1.tgz#512df6da6287144316dc4c18fe1cf1d940739be3"
  dependencies:
    asn1 "~0.2.3"
    assert-plus "^1.0.0"
    dashdash "^1.12.0"
    getpass "^0.1.1"
  optionalDependencies:
    bcrypt-pbkdf "^1.0.0"
    ecc-jsbn "~0.1.1"
    jsbn "~0.1.0"
    tweetnacl "~0.14.0"

string_decoder@~0.10.x:
  version "0.10.31"
  resolved "https://registry.yarnpkg.com/string_decoder/-/string_decoder-0.10.31.tgz#62e203bc41766c6c28c9fc84301dab1c5310fa94"

string_decoder@~1.0.3:
  version "1.0.3"
  resolved "https://registry.yarnpkg.com/string_decoder/-/string_decoder-1.0.3.tgz#0fc67d7c141825de94282dd536bec6b9bce860ab"
  dependencies:
    safe-buffer "~5.1.0"

stringstream@~0.0.4:
  version "0.0.5"
  resolved "https://registry.yarnpkg.com/stringstream/-/stringstream-0.0.5.tgz#4e484cd4de5a0bbbee18e46307710a8a81621878"

strip-json-comments@~2.0.1:
  version "2.0.1"
  resolved "https://registry.yarnpkg.com/strip-json-comments/-/strip-json-comments-2.0.1.tgz#3c531942e908c2697c0ec344858c286c7ca0a60a"

tar-fs@^1.7.0:
  version "1.16.0"
  resolved "https://registry.yarnpkg.com/tar-fs/-/tar-fs-1.16.0.tgz#e877a25acbcc51d8c790da1c57c9cf439817b896"
  dependencies:
    chownr "^1.0.1"
    mkdirp "^0.5.1"
    pump "^1.0.0"
    tar-stream "^1.1.2"

tar-stream@^1.1.2, tar-stream@^1.2.1:
  version "1.5.4"
  resolved "https://registry.yarnpkg.com/tar-stream/-/tar-stream-1.5.4.tgz#36549cf04ed1aee9b2a30c0143252238daf94016"
  dependencies:
    bl "^1.0.0"
    end-of-stream "^1.0.0"
    readable-stream "^2.0.0"
    xtend "^4.0.0"

tar@^2.0.0:
  version "2.2.1"
  resolved "https://registry.yarnpkg.com/tar/-/tar-2.2.1.tgz#8e4d2a256c0e2185c6b18ad694aec968b83cb1d1"
  dependencies:
    block-stream "*"
    fstream "^1.0.2"
    inherits "2"

through2@2.0.3:
  version "2.0.3"
  resolved "https://registry.yarnpkg.com/through2/-/through2-2.0.3.tgz#0004569b37c7c74ba39c43f3ced78d1ad94140be"
  dependencies:
    readable-stream "^2.1.5"
    xtend "~4.0.1"

through2@~0.6.3:
  version "0.6.5"
  resolved "https://registry.yarnpkg.com/through2/-/through2-0.6.5.tgz#41ab9c67b29d57209071410e1d7a7a968cd3ad48"
  dependencies:
    readable-stream ">=1.0.33-1 <1.1.0-0"
    xtend ">=4.0.0 <4.1.0-0"

to-boolean-x@^1.0.1:
  version "1.0.1"
  resolved "https://registry.yarnpkg.com/to-boolean-x/-/to-boolean-x-1.0.1.tgz#724128dacc5bea75a93ad471be7ee9277561b2c1"

to-integer-x@^3.0.0:
  version "3.0.0"
  resolved "https://registry.yarnpkg.com/to-integer-x/-/to-integer-x-3.0.0.tgz#9f3b80e668c7f0ae45e6926b40d95f52c1addc74"
  dependencies:
    is-finite-x "^3.0.2"
    is-nan-x "^1.0.1"
    math-sign-x "^3.0.0"
    to-number-x "^2.0.0"

to-number-x@^2.0.0:
  version "2.0.0"
  resolved "https://registry.yarnpkg.com/to-number-x/-/to-number-x-2.0.0.tgz#c9099d7ded8fd327132a2987df2dcc8baf36df4d"
  dependencies:
    cached-constructors-x "^1.0.0"
    nan-x "^1.0.0"
    parse-int-x "^2.0.0"
    to-primitive-x "^1.1.0"
    trim-x "^3.0.0"

to-object-x@^1.4.1, to-object-x@^1.5.0:
  version "1.5.0"
  resolved "https://registry.yarnpkg.com/to-object-x/-/to-object-x-1.5.0.tgz#bd69dd4e104d77acc0cc0d84f5ac48f630aebe3c"
  dependencies:
    cached-constructors-x "^1.0.0"
    require-object-coercible-x "^1.4.1"

to-primitive-x@^1.1.0:
  version "1.1.0"
  resolved "https://registry.yarnpkg.com/to-primitive-x/-/to-primitive-x-1.1.0.tgz#41ce2c13e3e246e0e5d0a8829a0567c6015833f8"
  dependencies:
    has-symbol-support-x "^1.4.1"
    is-date-object "^1.0.1"
    is-function-x "^3.2.0"
    is-nil-x "^1.4.1"
    is-primitive "^2.0.0"
    is-symbol "^1.0.1"
    require-object-coercible-x "^1.4.1"
    validate.io-undefined "^1.0.3"

to-property-key-x@^2.0.1, to-property-key-x@^2.0.2:
  version "2.0.2"
  resolved "https://registry.yarnpkg.com/to-property-key-x/-/to-property-key-x-2.0.2.tgz#b19aa8e22faa0ff7d1c102cfbc657af73413cfa1"
  dependencies:
    has-symbol-support-x "^1.4.1"
    to-primitive-x "^1.1.0"
    to-string-x "^1.4.2"

to-string-symbols-supported-x@^1.0.0:
  version "1.0.0"
  resolved "https://registry.yarnpkg.com/to-string-symbols-supported-x/-/to-string-symbols-supported-x-1.0.0.tgz#d435eb72312fe885b18047a96d59c75641476872"
  dependencies:
    cached-constructors-x "^1.0.0"
    has-symbol-support-x "^1.4.1"
    is-symbol "^1.0.1"

to-string-tag-x@^1.4.1, to-string-tag-x@^1.4.2:
  version "1.4.2"
  resolved "https://registry.yarnpkg.com/to-string-tag-x/-/to-string-tag-x-1.4.2.tgz#916a0c72d2f93dc27fccfe0ea0ce26cd78be21de"
  dependencies:
    lodash.isnull "^3.0.0"
    validate.io-undefined "^1.0.3"

to-string-x@^1.4.2:
  version "1.4.2"
  resolved "https://registry.yarnpkg.com/to-string-x/-/to-string-x-1.4.2.tgz#7d9a2528e159a9214e668137c1e10a045abe6279"
  dependencies:
    is-symbol "^1.0.1"

tough-cookie@~2.3.0:
  version "2.3.3"
  resolved "https://registry.yarnpkg.com/tough-cookie/-/tough-cookie-2.3.3.tgz#0b618a5565b6dea90bf3425d04d55edc475a7561"
  dependencies:
    punycode "^1.4.1"

trim-left-x@^3.0.0:
  version "3.0.0"
  resolved "https://registry.yarnpkg.com/trim-left-x/-/trim-left-x-3.0.0.tgz#356cf055896726b9754425e841398842e90b4cdf"
  dependencies:
    cached-constructors-x "^1.0.0"
    require-coercible-to-string-x "^1.0.0"
    white-space-x "^3.0.0"

trim-right-x@^3.0.0:
  version "3.0.0"
  resolved "https://registry.yarnpkg.com/trim-right-x/-/trim-right-x-3.0.0.tgz#28c4cd37d5981f50ace9b52e3ce9106f4d2d22c0"
  dependencies:
    cached-constructors-x "^1.0.0"
    require-coercible-to-string-x "^1.0.0"
    white-space-x "^3.0.0"

trim-x@^3.0.0:
  version "3.0.0"
  resolved "https://registry.yarnpkg.com/trim-x/-/trim-x-3.0.0.tgz#24efdcd027b748bbfc246a0139ad1749befef024"
  dependencies:
    trim-left-x "^3.0.0"
    trim-right-x "^3.0.0"

tunnel-agent@~0.4.1:
  version "0.4.3"
  resolved "https://registry.yarnpkg.com/tunnel-agent/-/tunnel-agent-0.4.3.tgz#6373db76909fe570e08d73583365ed828a74eeeb"

tweetnacl@^0.14.3, tweetnacl@~0.14.0:
  version "0.14.5"
  resolved "https://registry.yarnpkg.com/tweetnacl/-/tweetnacl-0.14.5.tgz#5ae68177f192d4456269d108afa93ff8743f4f64"

unzip-response@^1.0.0:
  version "1.0.2"
  resolved "https://registry.yarnpkg.com/unzip-response/-/unzip-response-1.0.2.tgz#b984f0877fc0a89c2c773cc1ef7b5b232b5b06fe"

url-template@~2.0.6:
  version "2.0.8"
  resolved "https://registry.yarnpkg.com/url-template/-/url-template-2.0.8.tgz#fc565a3cccbff7730c775f5641f9555791439f21"

util-deprecate@~1.0.1:
  version "1.0.2"
  resolved "https://registry.yarnpkg.com/util-deprecate/-/util-deprecate-1.0.2.tgz#450d4dc9fa70de732762fbd2d4a28981419a0ccf"

util-extend@^1.0.1:
  version "1.0.3"
  resolved "https://registry.yarnpkg.com/util-extend/-/util-extend-1.0.3.tgz#a7c216d267545169637b3b6edc6ca9119e2ff93f"

uuid@^3.0.0, uuid@^3.1.0:
  version "3.1.0"
  resolved "https://registry.yarnpkg.com/uuid/-/uuid-3.1.0.tgz#3dd3d3e790abc24d7b0d3a034ffababe28ebbc04"

validate.io-undefined@^1.0.3:
  version "1.0.3"
  resolved "https://registry.yarnpkg.com/validate.io-undefined/-/validate.io-undefined-1.0.3.tgz#7e27fcbb315b841e78243431897671929e20b7f4"

verror@1.10.0:
  version "1.10.0"
  resolved "https://registry.yarnpkg.com/verror/-/verror-1.10.0.tgz#3a105ca17053af55d6e270c1f8288682e18da400"
  dependencies:
    assert-plus "^1.0.0"
    core-util-is "1.0.2"
    extsprintf "^1.2.0"

vuvuzela@1.0.3:
  version "1.0.3"
  resolved "https://registry.yarnpkg.com/vuvuzela/-/vuvuzela-1.0.3.tgz#3be145e58271c73ca55279dd851f12a682114b0b"

which@1:
  version "1.3.0"
  resolved "https://registry.yarnpkg.com/which/-/which-1.3.0.tgz#ff04bdfc010ee547d780bec38e1ac1c2777d253a"
  dependencies:
    isexe "^2.0.0"

white-space-x@^3.0.0:
  version "3.0.0"
  resolved "https://registry.yarnpkg.com/white-space-x/-/white-space-x-3.0.0.tgz#c8e31ed4fecf4f3feebe6532e6046008a666a3e1"

wrappy@1:
  version "1.0.2"
  resolved "https://registry.yarnpkg.com/wrappy/-/wrappy-1.0.2.tgz#b5243d8f3ec1aa35f1364605bc0d1036e30ab69f"

write-stream@~0.4.3:
  version "0.4.3"
  resolved "https://registry.yarnpkg.com/write-stream/-/write-stream-0.4.3.tgz#83cc8c0347d0af6057a93862b4e3ae01de5c81c1"
  dependencies:
    readable-stream "~0.0.2"

"xtend@>=4.0.0 <4.1.0-0", xtend@^4.0.0, xtend@^4.0.1, xtend@~4.0.0, xtend@~4.0.1:
  version "4.0.1"
  resolved "https://registry.yarnpkg.com/xtend/-/xtend-4.0.1.tgz#a5c6d532be656e23db820efb943a1f04998d63af"
