{
  "name": "io.cozy.drive.mobile",
  "version": "1.10.1",
  "lockfileVersion": 1,
  "dependencies": {
    "cordova-android": {
      "version": "7.0.0",
      "resolved": "https://registry.npmjs.org/cordova-android/-/cordova-android-7.0.0.tgz",
      "integrity": "sha1-yVvt/PvDhjsYDE0p7/7E95Nh0Z0=",
      "dependencies": {
        "abbrev": {
          "version": "1.1.1",
          "bundled": true
        },
        "android-versions": {
          "version": "1.2.1",
          "bundled": true
        },
        "ansi": {
          "version": "0.3.1",
          "bundled": true
        },
        "balanced-match": {
          "version": "1.0.0",
          "bundled": true
        },
        "base64-js": {
          "version": "0.0.8",
          "bundled": true
        },
        "big-integer": {
          "version": "1.6.26",
          "bundled": true
        },
        "bplist-parser": {
          "version": "0.1.1",
          "bundled": true
        },
        "brace-expansion": {
          "version": "1.1.8",
          "bundled": true
        },
        "concat-map": {
          "version": "0.0.1",
          "bundled": true
        },
        "cordova-common": {
          "version": "2.2.0",
          "bundled": true
        },
        "cordova-registry-mapper": {
          "version": "1.1.15",
          "bundled": true
        },
        "elementtree": {
          "version": "0.1.6",
          "bundled": true
        },
        "glob": {
          "version": "5.0.15",
          "bundled": true
        },
        "inflight": {
          "version": "1.0.6",
          "bundled": true
        },
        "inherits": {
          "version": "2.0.3",
          "bundled": true
        },
        "lodash": {
          "version": "3.10.1",
          "bundled": true
        },
        "minimatch": {
          "version": "3.0.4",
          "bundled": true
        },
        "nopt": {
          "version": "3.0.6",
          "bundled": true
        },
        "once": {
          "version": "1.4.0",
          "bundled": true
        },
        "os-homedir": {
          "version": "1.0.2",
          "bundled": true
        },
        "os-tmpdir": {
          "version": "1.0.2",
          "bundled": true
        },
        "osenv": {
          "version": "0.1.4",
          "bundled": true
        },
        "path-is-absolute": {
          "version": "1.0.1",
          "bundled": true
        },
        "plist": {
          "version": "1.2.0",
          "bundled": true
        },
        "properties-parser": {
          "version": "0.2.3",
          "bundled": true
        },
        "q": {
          "version": "1.5.1",
          "bundled": true
        },
        "sax": {
          "version": "0.3.5",
          "bundled": true
        },
        "semver": {
          "version": "5.4.1",
          "bundled": true
        },
        "shelljs": {
          "version": "0.5.3",
          "bundled": true
        },
        "underscore": {
          "version": "1.8.3",
          "bundled": true
        },
        "unorm": {
          "version": "1.4.1",
          "bundled": true
        },
        "util-deprecate": {
          "version": "1.0.2",
          "bundled": true
        },
        "wrappy": {
          "version": "1.0.2",
          "bundled": true
        },
        "xmlbuilder": {
          "version": "4.0.0",
          "bundled": true
        },
        "xmldom": {
          "version": "0.1.27",
          "bundled": true
        }
      }
    },
    "cordova-ios": {
      "version": "4.5.5",
      "resolved": "https://registry.npmjs.org/cordova-ios/-/cordova-ios-4.5.5.tgz",
      "integrity": "sha512-3+30m2dZ2yii7kg+H7cgpdpkXpMj54zoX5imjGGG4Z7dPXKmalTLc/9rLq+Iaa+Q1BqyOrUFaHopWOODRU6vCg==",
      "dependencies": {
        "abbrev": {
          "version": "1.1.1",
          "bundled": true
        },
        "ansi": {
          "version": "0.3.1",
          "bundled": true
        },
        "balanced-match": {
          "version": "1.0.0",
          "bundled": true
        },
        "base64-js": {
          "version": "1.2.0",
          "bundled": true
        },
        "big-integer": {
          "version": "1.6.32",
          "bundled": true
        },
        "bplist-creator": {
          "version": "0.0.7",
          "bundled": true
        },
        "bplist-parser": {
          "version": "0.1.1",
          "bundled": true
        },
        "brace-expansion": {
          "version": "1.1.11",
          "bundled": true
        },
        "concat-map": {
          "version": "0.0.1",
          "bundled": true
        },
        "cordova-common": {
          "version": "2.2.5",
          "bundled": true
        },
        "cordova-registry-mapper": {
          "version": "1.1.15",
          "bundled": true
        },
        "elementtree": {
          "version": "0.1.6",
          "bundled": true
        },
        "glob": {
          "version": "5.0.15",
          "bundled": true
        },
        "inflight": {
          "version": "1.0.6",
          "bundled": true
        },
        "inherits": {
          "version": "2.0.3",
          "bundled": true
        },
        "ios-sim": {
          "version": "6.1.3",
          "bundled": true,
          "dependencies": {
            "bplist-parser": {
              "version": "0.0.6",
              "bundled": true
            },
            "nopt": {
              "version": "1.0.9",
              "bundled": true
            }
          }
        },
        "minimatch": {
          "version": "3.0.4",
          "bundled": true
        },
        "nopt": {
          "version": "3.0.6",
          "bundled": true
        },
        "once": {
          "version": "1.4.0",
          "bundled": true
        },
        "path-is-absolute": {
          "version": "1.0.1",
          "bundled": true
        },
        "plist": {
          "version": "2.1.0",
          "bundled": true
        },
        "q": {
          "version": "1.5.1",
          "bundled": true
        },
        "sax": {
          "version": "0.3.5",
          "bundled": true
        },
        "shelljs": {
          "version": "0.5.3",
          "bundled": true
        },
        "simctl": {
          "version": "1.1.1",
          "bundled": true,
          "dependencies": {
            "shelljs": {
              "version": "0.2.6",
              "bundled": true
            }
          }
        },
        "simple-plist": {
          "version": "0.2.1",
          "bundled": true,
          "dependencies": {
            "base64-js": {
              "version": "1.1.2",
              "bundled": true
            },
            "plist": {
              "version": "2.0.1",
              "bundled": true
            }
          }
        },
        "stream-buffers": {
          "version": "2.2.0",
          "bundled": true
        },
        "tail": {
          "version": "0.4.0",
          "bundled": true
        },
        "underscore": {
          "version": "1.9.1",
          "bundled": true
        },
        "unorm": {
          "version": "1.4.1",
          "bundled": true
        },
        "uuid": {
          "version": "3.0.1",
          "bundled": true
        },
        "wrappy": {
          "version": "1.0.2",
          "bundled": true
        },
        "xcode": {
          "version": "0.9.3",
          "bundled": true
        },
        "xml-escape": {
          "version": "1.1.0",
          "bundled": true
        },
        "xmlbuilder": {
          "version": "8.2.2",
          "bundled": true
        },
        "xmldom": {
          "version": "0.1.27",
          "bundled": true
        }
      }
    },
    "cordova-ios-plugin-no-export-compliance": {
      "version": "git+https://github.com/Cordobo/cordova-plugin-ios-no-export-compliance.git#522753786cd0f0f0082130a066a33da936626dca"
    },
    "pegjs": {
      "version": "0.10.0",
      "resolved": "http://registry.npmjs.org/pegjs/-/pegjs-0.10.0.tgz",
      "integrity": "sha1-z4uvrm7d/0tafvsYUmnqr0YQ3b0="
    }
  }
}
